
Microsoft Visual Studio Solution File, Format Version 12.00
# Visual Studio Version 16
VisualStudioVersion = 16.0.30907.101
MinimumVisualStudioVersion = 10.0.40219.1
Project("{9A19103F-16F7-4668-BE54-9A1E7A4F7556}") = "ServiceDepartmentScreen.API", "ServiceDepartmentScreen.API\ServiceDepartmentScreen.API.csproj", "{59C27F44-CEE0-450D-A085-335AE277D1DD}"
EndProject
Project("{9A19103F-16F7-4668-BE54-9A1E7A4F7556}") = "ServiceDepartmentScreen.WebApp", "ServiceDepartmentScreen.WebApp\ServiceDepartmentScreen.WebApp.csproj", "{53C4608C-A9D7-4718-B616-09F25A800373}"
EndProject
Project("{9A19103F-16F7-4668-BE54-9A1E7A4F7556}") = "ServiceDepartmentScreen.Shared", "ServiceDepartmentScreen.Shared\ServiceDepartmentScreen.Shared.csproj", "{A8101969-1D2D-4828-B33A-44E84E8C377F}"
EndProject
Global
	GlobalSection(SolutionConfigurationPlatforms) = preSolution
		Debug|Any CPU = Debug|Any CPU
		Release|Any CPU = Release|Any CPU
	EndGlobalSection
	GlobalSection(ProjectConfigurationPlatforms) = postSolution
		{59C27F44-CEE0-450D-A085-335AE277D1DD}.Debug|Any CPU.ActiveCfg = Debug|Any CPU
		{59C27F44-CEE0-450D-A085-335AE277D1DD}.Debug|Any CPU.Build.0 = Debug|Any CPU
		{59C27F44-CEE0-450D-A085-335AE277D1DD}.Release|Any CPU.ActiveCfg = Release|Any CPU
		{59C27F44-CEE0-450D-A085-335AE277D1DD}.Release|Any CPU.Build.0 = Release|Any CPU
		{53C4608C-A9D7-4718-B616-09F25A800373}.Debug|Any CPU.ActiveCfg = Debug|Any CPU
		{53C4608C-A9D7-4718-B616-09F25A800373}.Debug|Any CPU.Build.0 = Debug|Any CPU
		{53C4608C-A9D7-4718-B616-09F25A800373}.Release|Any CPU.ActiveCfg = Release|Any CPU
		{53C4608C-A9D7-4718-B616-09F25A800373}.Release|Any CPU.Build.0 = Release|Any CPU
		{A8101969-1D2D-4828-B33A-44E84E8C377F}.Debug|Any CPU.ActiveCfg = Debug|Any CPU
		{A8101969-1D2D-4828-B33A-44E84E8C377F}.Debug|Any CPU.Build.0 = Debug|Any CPU
		{A8101969-1D2D-4828-B33A-44E84E8C377F}.Release|Any CPU.ActiveCfg = Release|Any CPU
		{A8101969-1D2D-4828-B33A-44E84E8C377F}.Release|Any CPU.Build.0 = Release|Any CPU
	EndGlobalSection
	GlobalSection(SolutionProperties) = preSolution
		HideSolutionNode = FALSE
	EndGlobalSection
	GlobalSection(ExtensibilityGlobals) = postSolution
		SolutionGuid = {5F81F083-FCA4-4617-9683-D38FD6FC3135}
	EndGlobalSection
EndGlobal
